{
  "requires": true,
  "lockfileVersion": 1,
  "dependencies": {
    "zoomwall.js": {
      "version": "2.0.3",
      "resolved": "https://registry.npmjs.org/zoomwall.js/-/zoomwall.js-2.0.3.tgz",
      "integrity": "sha512-/NO+y1dcRxT00PDe3d/FlmA3uXop56xq8gpO7wnslbITlzYDO9ReMNDU3yEnjexA21Q3AcZZA6wBuksrpBL0wQ=="
    }
  }
}
